github.com/ktodorov/go-summarizer v0.0.0-20170219112440-3034ed434c05 h1:ZzvN8hm4t7VMdhuk3aYRWKQxBQ7v/I6Zq7sIZ0A2DZI=
github.com/ktodorov/go-summarizer v0.0.0-20170219112440-3034ed434c05/go.mod h1:R4rE2PvCR8qUHJV9HV5GhYbaAp3ZpP4qEMQErIA/jZ8=
github.com/phpdave11/gofpdi v1.0.14-0.20211212211723-1f10f9844311 h1:zyWXQ6vu27ETMpYsEMAsisQ+GqJ4e1TPvSNfdOPF0no=
github.com/phpdave11/gofpdi v1.0.14-0.20211212211723-1f10f9844311/go.mod h1:vBmVV0Do6hSBHC8uKUQ71JGW+ZGQq74llk/7bXwjDoI=
github.com/pkg/errors v0.8.1 h1:iURUrRGxPUNPdy5/HRSm+Yj6okJ6UtLINN0Q9M4+h3I=
github.com/pkg/errors v0.8.1/go.mod h1:bwawxfHBFNV+L2hUp1rHADufV3IMtnDRdf1r5NINEl0=
github.com/signintech/gopdf v0.36.0 h1:/7gPwoLtlNv5tPNpYuo3T3z0mWgo62pTrCvVNAiOo2Q=
github.com/signintech/gopdf v0.36.0/go.mod h1:d23eO35GpEliSrF22eJ4bsM3wVeQJTjXTHq5x5qGKjA=
golang.org/x/net v0.50.0 h1:ucWh9eiCGyDR3vtzso0WMQinm2Dnt8cFMuQa9K33J60=
golang.org/x/net v0.50.0/go.mod h1:UgoSli3F/pBgdJBHCTc+tp3gmrU4XswgGRgtnwWTfyM=
